
Microsoft Visual Studio Solution File, Format Version 12.00
# Visual Studio Version 17
VisualStudioVersion = 17.6.33723.286
MinimumVisualStudioVersion = 10.0.40219.1
Project("{FAE04EC0-301F-11D3-BF4B-00C04F79EFBC}") = "SuperClean", "SuperClean\SuperClean.csproj", "{C121CE86-8D1D-4F17-94FF-19F99C076829}"
EndProject
Global
	GlobalSection(SolutionConfigurationPlatforms) = preSolution
		Debug|Any CPU = Debug|Any CPU
		Release|Any CPU = Release|Any CPU
	EndGlobalSection
	GlobalSection(ProjectConfigurationPlatforms) = postSolution
		{C121CE86-8D1D-4F17-94FF-19F99C076829}.Debug|Any CPU.ActiveCfg = Debug|Any CPU
		{C121CE86-8D1D-4F17-94FF-19F99C076829}.Debug|Any CPU.Build.0 = Debug|Any CPU
		{C121CE86-8D1D-4F17-94FF-19F99C076829}.Release|Any CPU.ActiveCfg = Release|Any CPU
		{C121CE86-8D1D-4F17-94FF-19F99C076829}.Release|Any CPU.Build.0 = Release|Any CPU
	EndGlobalSection
	GlobalSection(SolutionProperties) = preSolution
		HideSolutionNode = FALSE
	EndGlobalSection
	GlobalSection(ExtensibilityGlobals) = postSolution
		SolutionGuid = {007BD974-73E8-4728-8EA7-B0B5D8C05F8C}
	EndGlobalSection
EndGlobal
